// !$*UTF8*$!
{
	archiveVersion = 1;
	classes = {
	};
	objectVersion = 50;
	objects = {

/* Begin PBXBuildFile section */
		3F1E2FC0216CA88A0051CF17 /* AppDelegate.swift in Sources */ = {isa = PBXBuildFile; fileRef = 3F1E2FBF216CA88A0051CF17 /* AppDelegate.swift */; };
		3F1E2FC2216CA88A0051CF17 /* ViewController.swift in Sources */ = {isa = PBXBuildFile; fileRef = 3F1E2FC1216CA88A0051CF17 /* ViewController.swift */; };
		3F1E2FC5216CA88A0051CF17 /* Main.storyboard in Resources */ = {isa = PBXBuildFile; fileRef = 3F1E2FC3216CA88A0051CF17 /* Main.storyboard */; };
		3F1E2FC7216CA8920051CF17 /* Assets.xcassets in Resources */ = {isa = PBXBuildFile; fileRef = 3F1E2FC6216CA8920051CF17 /* Assets.xcassets */; };
		3F1E2FCA216CA8920051CF17 /* LaunchScreen.storyboard in Resources */ = {isa = PBXBuildFile; fileRef = 3F1E2FC8216CA8920051CF17 /* LaunchScreen.storyboard */; };
		3F1E2FD5216CA8920051CF17 /* WeatherForecastTests.swift in Sources */ = {isa = PBXBuildFile; fileRef = 3F1E2FD4216CA8920051CF17 /* WeatherForecastTests.swift */; };
		3F1E2FE0216CA8920051CF17 /* WeatherForecastUITests.swift in Sources */ = {isa = PBXBuildFile; fileRef = 3F1E2FDF216CA8920051CF17 /* WeatherForecastUITests.swift */; };
		41D5048E21706ACC00E493A1 /* WeatherForecastModel.swift in Sources */ = {isa = PBXBuildFile; fileRef = 41D5048D21706ACC00E493A1 /* WeatherForecastModel.swift */; };
		41D50496217325E900E493A1 /* Flags.swift in Sources */ = {isa = PBXBuildFile; fileRef = 41D5048F217325E900E493A1 /* Flags.swift */; };
		41D50497217325E900E493A1 /* Currently.swift in Sources */ = {isa = PBXBuildFile; fileRef = 41D50490217325E900E493A1 /* Currently.swift */; };
		41D50498217325E900E493A1 /* Daily.swift in Sources */ = {isa = PBXBuildFile; fileRef = 41D50491217325E900E493A1 /* Daily.swift */; };
		41D50499217325E900E493A1 /* Data.swift in Sources */ = {isa = PBXBuildFile; fileRef = 41D50492217325E900E493A1 /* Data.swift */; };
		41D5049A217325E900E493A1 /* Json4Swift_Base.swift in Sources */ = {isa = PBXBuildFile; fileRef = 41D50493217325E900E493A1 /* Json4Swift_Base.swift */; };
		41D5049B217325E900E493A1 /* Minutely.swift in Sources */ = {isa = PBXBuildFile; fileRef = 41D50494217325E900E493A1 /* Minutely.swift */; };
		41D5049C217325E900E493A1 /* Hourly.swift in Sources */ = {isa = PBXBuildFile; fileRef = 41D50495217325E900E493A1 /* Hourly.swift */; };
/* End PBXBuildFile section */

/* Begin PBXContainerItemProxy section */
		3F1E2FD1216CA8920051CF17 /* PBXContainerItemProxy */ = {
			isa = PBXContainerItemProxy;
			containerPortal = 3F1E2FB4216CA88A0051CF17 /* Project object */;
			proxyType = 1;
			remoteGlobalIDString = 3F1E2FBB216CA88A0051CF17;
			remoteInfo = WeatherForecast;
		};
		3F1E2FDC216CA8920051CF17 /* PBXContainerItemProxy */ = {
			isa = PBXContainerItemProxy;
			containerPortal = 3F1E2FB4216CA88A0051CF17 /* Project object */;
			proxyType = 1;
			remoteGlobalIDString = 3F1E2FBB216CA88A0051CF17;
			remoteInfo = WeatherForecast;
		};
/* End PBXContainerItemProxy section */

/* Begin PBXFileReference section */
		3F1E2FBC216CA88A0051CF17 /* WeatherForecast.app */ = {isa = PBXFileReference; explicitFileType = wrapper.application; includeInIndex = 0; path = WeatherForecast.app; sourceTree = BUILT_PRODUCTS_DIR; };
		3F1E2FBF216CA88A0051CF17 /* AppDelegate.swift */ = {isa = PBXFileReference; lastKnownFileType = sourcecode.swift; path = AppDelegate.swift; sourceTree = "<group>"; };
		3F1E2FC1216CA88A0051CF17 /* ViewController.swift */ = {isa = PBXFileReference; lastKnownFileType = sourcecode.swift; path = ViewController.swift; sourceTree = "<group>"; };
		3F1E2FC4216CA88A0051CF17 /* Base */ = {isa = PBXFileReference; lastKnownFileType = file.storyboard; name = Base; path = Base.lproj/Main.storyboard; sourceTree = "<group>"; };
		3F1E2FC6216CA8920051CF17 /* Assets.xcassets */ = {isa = PBXFileReference; lastKnownFileType = folder.assetcatalog; path = Assets.xcassets; sourceTree = "<group>"; };
		3F1E2FC9216CA8920051CF17 /* Base */ = {isa = PBXFileReference; lastKnownFileType = file.storyboard; name = Base; path = Base.lproj/LaunchScreen.storyboard; sourceTree = "<group>"; };
		3F1E2FCB216CA8920051CF17 /* Info.plist */ = {isa = PBXFileReference; lastKnownFileType = text.plist.xml; path = Info.plist; sourceTree = "<group>"; };
		3F1E2FD0216CA8920051CF17 /* WeatherForecastTests.xctest */ = {isa = PBXFileReference; explicitFileType = wrapper.cfbundle; includeInIndex = 0; path = WeatherForecastTests.xctest; sourceTree = BUILT_PRODUCTS_DIR; };
		3F1E2FD4216CA8920051CF17 /* WeatherForecastTests.swift */ = {isa = PBXFileReference; lastKnownFileType = sourcecode.swift; path = WeatherForecastTests.swift; sourceTree = "<group>"; };
		3F1E2FD6216CA8920051CF17 /* Info.plist */ = {isa = PBXFileReference; lastKnownFileType = text.plist.xml; path = Info.plist; sourceTree = "<group>"; };
		3F1E2FDB216CA8920051CF17 /* WeatherForecastUITests.xctest */ = {isa = PBXFileReference; explicitFileType = wrapper.cfbundle; includeInIndex = 0; path = WeatherForecastUITests.xctest; sourceTree = BUILT_PRODUCTS_DIR; };
		3F1E2FDF216CA8920051CF17 /* WeatherForecastUITests.swift */ = {isa = PBXFileReference; lastKnownFileType = sourcecode.swift; path = WeatherForecastUITests.swift; sourceTree = "<group>"; };
		3F1E2FE1216CA8920051CF17 /* Info.plist */ = {isa = PBXFileReference; lastKnownFileType = text.plist.xml; path = Info.plist; sourceTree = "<group>"; };
		41D5048D21706ACC00E493A1 /* WeatherForecastModel.swift */ = {isa = PBXFileReference; lastKnownFileType = sourcecode.swift; path = WeatherForecastModel.swift; sourceTree = "<group>"; };
		41D5048F217325E900E493A1 /* Flags.swift */ = {isa = PBXFileReference; fileEncoding = 4; lastKnownFileType = sourcecode.swift; name = Flags.swift; path = ../../../Downloads/Flags.swift; sourceTree = "<group>"; };
		41D50490217325E900E493A1 /* Currently.swift */ = {isa = PBXFileReference; fileEncoding = 4; lastKnownFileType = sourcecode.swift; name = Currently.swift; path = ../../../Downloads/Currently.swift; sourceTree = "<group>"; };
		41D50491217325E900E493A1 /* Daily.swift */ = {isa = PBXFileReference; fileEncoding = 4; lastKnownFileType = sourcecode.swift; name = Daily.swift; path = ../../../Downloads/Daily.swift; sourceTree = "<group>"; };
		41D50492217325E900E493A1 /* Data.swift */ = {isa = PBXFileReference; fileEncoding = 4; lastKnownFileType = sourcecode.swift; name = Data.swift; path = ../../../Downloads/Data.swift; sourceTree = "<group>"; };
		41D50493217325E900E493A1 /* Json4Swift_Base.swift */ = {isa = PBXFileReference; fileEncoding = 4; lastKnownFileType = sourcecode.swift; name = Json4Swift_Base.swift; path = ../../../Downloads/Json4Swift_Base.swift; sourceTree = "<group>"; };
		41D50494217325E900E493A1 /* Minutely.swift */ = {isa = PBXFileReference; fileEncoding = 4; lastKnownFileType = sourcecode.swift; name = Minutely.swift; path = ../../../Downloads/Minutely.swift; sourceTree = "<group>"; };
		41D50495217325E900E493A1 /* Hourly.swift */ = {isa = PBXFileReference; fileEncoding = 4; lastKnownFileType = sourcecode.swift; name = Hourly.swift; path = ../../../Downloads/Hourly.swift; sourceTree = "<group>"; };
/* End PBXFileReference section */

/* Begin PBXFrameworksBuildPhase section */
		3F1E2FB9216CA88A0051CF17 /* Frameworks */ = {
			isa = PBXFrameworksBuildPhase;
			buildActionMask = 2147483647;
			files = (
			);
			runOnlyForDeploymentPostprocessing = 0;
		};
		3F1E2FCD216CA8920051CF17 /* Frameworks */ = {
			isa = PBXFrameworksBuildPhase;
			buildActionMask = 2147483647;
			files = (
			);
			runOnlyForDeploymentPostprocessing = 0;
		};
		3F1E2FD8216CA8920051CF17 /* Frameworks */ = {
			isa = PBXFrameworksBuildPhase;
			buildActionMask = 2147483647;
			files = (
			);
			runOnlyForDeploymentPostprocessing = 0;
		};
/* End PBXFrameworksBuildPhase section */

/* Begin PBXGroup section */
		3F1E2FB3216CA88A0051CF17 = {
			isa = PBXGroup;
			children = (
				3F1E2FBE216CA88A0051CF17 /* WeatherForecast */,
				3F1E2FD3216CA8920051CF17 /* WeatherForecastTests */,
				3F1E2FDE216CA8920051CF17 /* WeatherForecastUITests */,
				3F1E2FBD216CA88A0051CF17 /* Products */,
			);
			sourceTree = "<group>";
		};
		3F1E2FBD216CA88A0051CF17 /* Products */ = {
			isa = PBXGroup;
			children = (
				3F1E2FBC216CA88A0051CF17 /* WeatherForecast.app */,
				3F1E2FD0216CA8920051CF17 /* WeatherForecastTests.xctest */,
				3F1E2FDB216CA8920051CF17 /* WeatherForecastUITests.xctest */,
			);
			name = Products;
			sourceTree = "<group>";
		};
		3F1E2FBE216CA88A0051CF17 /* WeatherForecast */ = {
			isa = PBXGroup;
			children = (
				41D50490217325E900E493A1 /* Currently.swift */,
				41D50491217325E900E493A1 /* Daily.swift */,
				41D50492217325E900E493A1 /* Data.swift */,
				41D5048F217325E900E493A1 /* Flags.swift */,
				41D50495217325E900E493A1 /* Hourly.swift */,
				41D50493217325E900E493A1 /* Json4Swift_Base.swift */,
				41D50494217325E900E493A1 /* Minutely.swift */,
				3F1E2FBF216CA88A0051CF17 /* AppDelegate.swift */,
				3F1E2FC1216CA88A0051CF17 /* ViewController.swift */,
				3F1E2FC3216CA88A0051CF17 /* Main.storyboard */,
				3F1E2FC6216CA8920051CF17 /* Assets.xcassets */,
				3F1E2FC8216CA8920051CF17 /* LaunchScreen.storyboard */,
				3F1E2FCB216CA8920051CF17 /* Info.plist */,
				41D5048D21706ACC00E493A1 /* WeatherForecastModel.swift */,
			);
			path = WeatherForecast;
			sourceTree = "<group>";
		};
		3F1E2FD3216CA8920051CF17 /* WeatherForecastTests */ = {
			isa = PBXGroup;
			children = (
				3F1E2FD4216CA8920051CF17 /* WeatherForecastTests.swift */,
				3F1E2FD6216CA8920051CF17 /* Info.plist */,
			);
			path = WeatherForecastTests;
			sourceTree = "<group>";
		};
		3F1E2FDE216CA8920051CF17 /* WeatherForecastUITests */ = {
			isa = PBXGroup;
			children = (
				3F1E2FDF216CA8920051CF17 /* WeatherForecastUITests.swift */,
				3F1E2FE1216CA8920051CF17 /* Info.plist */,
			);
			path = WeatherForecastUITests;
			sourceTree = "<group>";
		};
/* End PBXGroup section */

/* Begin PBXNativeTarget section */
		3F1E2FBB216CA88A0051CF17 /* WeatherForecast */ = {
			isa = PBXNativeTarget;
			buildConfigurationList = 3F1E2FE4216CA8920051CF17 /* Build configuration list for PBXNativeTarget "WeatherForecast" */;
			buildPhases = (
				3F1E2FB8216CA88A0051CF17 /* Sources */,
				3F1E2FB9216CA88A0051CF17 /* Frameworks */,
				3F1E2FBA216CA88A0051CF17 /* Resources */,
			);
			buildRules = (
			);
			dependencies = (
			);
			name = WeatherForecast;
			productName = WeatherForecast;
			productReference = 3F1E2FBC216CA88A0051CF17 /* WeatherForecast.app */;
			productType = "com.apple.product-type.application";
		};
		3F1E2FCF216CA8920051CF17 /* WeatherForecastTests */ = {
			isa = PBXNativeTarget;
			buildConfigurationList = 3F1E2FE7216CA8920051CF17 /* Build configuration list for PBXNativeTarget "WeatherForecastTests" */;
			buildPhases = (
				3F1E2FCC216CA8920051CF17 /* Sources */,
				3F1E2FCD216CA8920051CF17 /* Frameworks */,
				3F1E2FCE216CA8920051CF17 /* Resources */,
			);
			buildRules = (
			);
			dependencies = (
				3F1E2FD2216CA8920051CF17 /* PBXTargetDependency */,
			);
			name = WeatherForecastTests;
			productName = WeatherForecastTests;
			productReference = 3F1E2FD0216CA8920051CF17 /* WeatherForecastTests.xctest */;
			productType = "com.apple.product-type.bundle.unit-test";
		};
		3F1E2FDA216CA8920051CF17 /* WeatherForecastUITests */ = {
			isa = PBXNativeTarget;
			buildConfigurationList = 3F1E2FEA216CA8920051CF17 /* Build configuration list for PBXNativeTarget "WeatherForecastUITests" */;
			buildPhases = (
				3F1E2FD7216CA8920051CF17 /* Sources */,
				3F1E2FD8216CA8920051CF17 /* Frameworks */,
				3F1E2FD9216CA8920051CF17 /* Resources */,
			);
			buildRules = (
			);
			dependencies = (
				3F1E2FDD216CA8920051CF17 /* PBXTargetDependency */,
			);
			name = WeatherForecastUITests;
			productName = WeatherForecastUITests;
			productReference = 3F1E2FDB216CA8920051CF17 /* WeatherForecastUITests.xctest */;
			productType = "com.apple.product-type.bundle.ui-testing";
		};
/* End PBXNativeTarget section */

/* Begin PBXProject section */
		3F1E2FB4216CA88A0051CF17 /* Project object */ = {
			isa = PBXProject;
			attributes = {
				LastSwiftUpdateCheck = 1000;
				LastUpgradeCheck = 1000;
				ORGANIZATIONNAME = Student;
				TargetAttributes = {
					3F1E2FBB216CA88A0051CF17 = {
						CreatedOnToolsVersion = 10.0;
					};
					3F1E2FCF216CA8920051CF17 = {
						CreatedOnToolsVersion = 10.0;
						TestTargetID = 3F1E2FBB216CA88A0051CF17;
					};
					3F1E2FDA216CA8920051CF17 = {
						CreatedOnToolsVersion = 10.0;
						TestTargetID = 3F1E2FBB216CA88A0051CF17;
					};
				};
			};
			buildConfigurationList = 3F1E2FB7216CA88A0051CF17 /* Build configuration list for PBXProject "WeatherForecast" */;
			compatibilityVersion = "Xcode 9.3";
			developmentRegion = en;
			hasScannedForEncodings = 0;
			knownRegions = (
				en,
				Base,
			);
			mainGroup = 3F1E2FB3216CA88A0051CF17;
			productRefGroup = 3F1E2FBD216CA88A0051CF17 /* Products */;
			projectDirPath = "";
			projectRoot = "";
			targets = (
				3F1E2FBB216CA88A0051CF17 /* WeatherForecast */,
				3F1E2FCF216CA8920051CF17 /* WeatherForecastTests */,
				3F1E2FDA216CA8920051CF17 /* WeatherForecastUITests */,
			);
		};
/* End PBXProject section */

/* Begin PBXResourcesBuildPhase section */
		3F1E2FBA216CA88A0051CF17 /* Resources */ = {
			isa = PBXResourcesBuildPhase;
			buildActionMask = 2147483647;
			files = (
				3F1E2FCA216CA8920051CF17 /* LaunchScreen.storyboard in Resources */,
				3F1E2FC7216CA8920051CF17 /* Assets.xcassets in Resources */,
				3F1E2FC5216CA88A0051CF17 /* Main.storyboard in Resources */,
			);
			runOnlyForDeploymentPostprocessing = 0;
		};
		3F1E2FCE216CA8920051CF17 /* Resources */ = {
			isa = PBXResourcesBuildPhase;
			buildActionMask = 2147483647;
			files = (
			);
			runOnlyForDeploymentPostprocessing = 0;
		};
		3F1E2FD9216CA8920051CF17 /* Resources */ = {
			isa = PBXResourcesBuildPhase;
			buildActionMask = 2147483647;
			files = (
			);
			runOnlyForDeploymentPostprocessing = 0;
		};
/* End PBXResourcesBuildPhase section */

/* Begin PBXSourcesBuildPhase section */
		3F1E2FB8216CA88A0051CF17 /* Sources */ = {
			isa = PBXSourcesBuildPhase;
			buildActionMask = 2147483647;
			files = (
				41D50499217325E900E493A1 /* Data.swift in Sources */,
				41D5048E21706ACC00E493A1 /* WeatherForecastModel.swift in Sources */,
				3F1E2FC2216CA88A0051CF17 /* ViewController.swift in Sources */,
				41D50497217325E900E493A1 /* Currently.swift in Sources */,
				41D5049B217325E900E493A1 /* Minutely.swift in Sources */,
				3F1E2FC0216CA88A0051CF17 /* AppDelegate.swift in Sources */,
				41D5049C217325E900E493A1 /* Hourly.swift in Sources */,
				41D5049A217325E900E493A1 /* Json4Swift_Base.swift in Sources */,
				41D50496217325E900E493A1 /* Flags.swift in Sources */,
				41D50498217325E900E493A1 /* Daily.swift in Sources */,
			);
			runOnlyForDeploymentPostprocessing = 0;
		};
		3F1E2FCC216CA8920051CF17 /* Sources */ = {
			isa = PBXSourcesBuildPhase;
			buildActionMask = 2147483647;
			files = (
				3F1E2FD5216CA8920051CF17 /* WeatherForecastTests.swift in Sources */,
			);
			runOnlyForDeploymentPostprocessing = 0;
		};
		3F1E2FD7216CA8920051CF17 /* Sources */ = {
			isa = PBXSourcesBuildPhase;
			buildActionMask = 2147483647;
			files = (
				3F1E2FE0216CA8920051CF17 /* WeatherForecastUITests.swift in Sources */,
			);
			runOnlyForDeploymentPostprocessing = 0;
		};
/* End PBXSourcesBuildPhase section */

/* Begin PBXTargetDependency section */
		3F1E2FD2216CA8920051CF17 /* PBXTargetDependency */ = {
			isa = PBXTargetDependency;
			target = 3F1E2FBB216CA88A0051CF17 /* WeatherForecast */;
			targetProxy = 3F1E2FD1216CA8920051CF17 /* PBXContainerItemProxy */;
		};
		3F1E2FDD216CA8920051CF17 /* PBXTargetDependency */ = {
			isa = PBXTargetDependency;
			target = 3F1E2FBB216CA88A0051CF17 /* WeatherForecast */;
			targetProxy = 3F1E2FDC216CA8920051CF17 /* PBXContainerItemProxy */;
		};
/* End PBXTargetDependency section */

/* Begin PBXVariantGroup section */
		3F1E2FC3216CA88A0051CF17 /* Main.storyboard */ = {
			isa = PBXVariantGroup;
			children = (
				3F1E2FC4216CA88A0051CF17 /* Base */,
			);
			name = Main.storyboard;
			sourceTree = "<group>";
		};
		3F1E2FC8216CA8920051CF17 /* LaunchScreen.storyboard */ = {
			isa = PBXVariantGroup;
			children = (
				3F1E2FC9216CA8920051CF17 /* Base */,
			);
			name = LaunchScreen.storyboard;
			sourceTree = "<group>";
		};
/* End PBXVariantGroup section */

/* Begin XCBuildConfiguration section */
		3F1E2FE2216CA8920051CF17 /* Debug */ = {
			isa = XCBuildConfiguration;
			buildSettings = {
				ALWAYS_SEARCH_USER_PATHS = NO;
				CLANG_ANALYZER_NONNULL = YES;
				CLANG_ANALYZER_NUMBER_OBJECT_CONVERSION = YES_AGGRESSIVE;
				CLANG_CXX_LANGUAGE_STANDARD = "gnu++14";
				CLANG_CXX_LIBRARY = "libc++";
				CLANG_ENABLE_MODULES = YES;
				CLANG_ENABLE_OBJC_ARC = YES;
				CLANG_ENABLE_OBJC_WEAK = YES;
				CLANG_WARN_BLOCK_CAPTURE_AUTORELEASING = YES;
				CLANG_WARN_BOOL_CONVERSION = YES;
				CLANG_WARN_COMMA = YES;
				CLANG_WARN_CONSTANT_CONVERSION = YES;
				CLANG_WARN_DEPRECATED_OBJC_IMPLEMENTATIONS = YES;
				CLANG_WARN_DIRECT_OBJC_ISA_USAGE = YES_ERROR;
				CLANG_WARN_DOCUMENTATION_COMMENTS = YES;
				CLANG_WARN_EMPTY_BODY = YES;
				CLANG_WARN_ENUM_CONVERSION = YES;
				CLANG_WARN_INFINITE_RECURSION = YES;
				CLANG_WARN_INT_CONVERSION = YES;
				CLANG_WARN_NON_LITERAL_NULL_CONVERSION = YES;
				CLANG_WARN_OBJC_IMPLICIT_RETAIN_SELF = YES;
				CLANG_WARN_OBJC_LITERAL_CONVERSION = YES;
				CLANG_WARN_OBJC_ROOT_CLASS = YES_ERROR;
				CLANG_WARN_RANGE_LOOP_ANALYSIS = YES;
				CLANG_WARN_STRICT_PROTOTYPES = YES;
				CLANG_WARN_SUSPICIOUS_MOVE = YES;
				CLANG_WARN_UNGUARDED_AVAILABILITY = YES_AGGRESSIVE;
				CLANG_WARN_UNREACHABLE_CODE = YES;
				CLANG_WARN__DUPLICATE_METHOD_MATCH = YES;
				CODE_SIGN_IDENTITY = "iPhone Developer";
				COPY_PHASE_STRIP = NO;
				DEBUG_INFORMATION_FORMAT = dwarf;
				ENABLE_STRICT_OBJC_MSGSEND = YES;
				ENABLE_TESTABILITY = YES;
				GCC_C_LANGUAGE_STANDARD = gnu11;
				GCC_DYNAMIC_NO_PIC = NO;
				GCC_NO_COMMON_BLOCKS = YES;
				GCC_OPTIMIZATION_LEVEL = 0;
				GCC_PREPROCESSOR_DEFINITIONS = (
					"DEBUG=1",
					"$(inherited)",
				);
				GCC_WARN_64_TO_32_BIT_CONVERSION = YES;
				GCC_WARN_ABOUT_RETURN_TYPE = YES_ERROR;
				GCC_WARN_UNDECLARED_SELECTOR = YES;
				GCC_WARN_UNINITIALIZED_AUTOS = YES_AGGRESSIVE;
				GCC_WARN_UNUSED_FUNCTION = YES;
				GCC_WARN_UNUSED_VARIABLE = YES;
				IPHONEOS_DEPLOYMENT_TARGET = 12.0;
				MTL_ENABLE_DEBUG_INFO = INCLUDE_SOURCE;
				MTL_FAST_MATH = YES;
				ONLY_ACTIVE_ARCH = YES;
				SDKROOT = iphoneos;
				SWIFT_ACTIVE_COMPILATION_CONDITIONS = DEBUG;
				SWIFT_OPTIMIZATION_LEVEL = "-Onone";
			};
			name = Debug;
		};
		3F1E2FE3216CA8920051CF17 /* Release */ = {
			isa = XCBuildConfiguration;
			buildSettings = {
				ALWAYS_SEARCH_USER_PATHS = NO;
				CLANG_ANALYZER_NONNULL = YES;
				CLANG_ANALYZER_NUMBER_OBJECT_CONVERSION = YES_AGGRESSIVE;
				CLANG_CXX_LANGUAGE_STANDARD = "gnu++14";
				CLANG_CXX_LIBRARY = "libc++";
				CLANG_ENABLE_MODULES = YES;
				CLANG_ENABLE_OBJC_ARC = YES;
				CLANG_ENABLE_OBJC_WEAK = YES;
				CLANG_WARN_BLOCK_CAPTURE_AUTORELEASING = YES;
				CLANG_WARN_BOOL_CONVERSION = YES;
				CLANG_WARN_COMMA = YES;
				CLANG_WARN_CONSTANT_CONVERSION = YES;
				CLANG_WARN_DEPRECATED_OBJC_IMPLEMENTATIONS = YES;
				CLANG_WARN_DIRECT_OBJC_ISA_USAGE = YES_ERROR;
				CLANG_WARN_DOCUMENTATION_COMMENTS = YES;
				CLANG_WARN_EMPTY_BODY = YES;
				CLANG_WARN_ENUM_CONVERSION = YES;
				CLANG_WARN_INFINITE_RECURSION = YES;
				CLANG_WARN_INT_CONVERSION = YES;
				CLANG_WARN_NON_LITERAL_NULL_CONVERSION = YES;
				CLANG_WARN_OBJC_IMPLICIT_RETAIN_SELF = YES;
				CLANG_WARN_OBJC_LITERAL_CONVERSION = YES;
				CLANG_WARN_OBJC_ROOT_CLASS = YES_ERROR;
				CLANG_WARN_RANGE_LOOP_ANALYSIS = YES;
				CLANG_WARN_STRICT_PROTOTYPES = YES;
				CLANG_WARN_SUSPICIOUS_MOVE = YES;
				CLANG_WARN_UNGUARDED_AVAILABILITY = YES_AGGRESSIVE;
				CLANG_WARN_UNREACHABLE_CODE = YES;
				CLANG_WARN__DUPLICATE_METHOD_MATCH = YES;
				CODE_SIGN_IDENTITY = "iPhone Developer";
				COPY_PHASE_STRIP = NO;
				DEBUG_INFORMATION_FORMAT = "dwarf-with-dsym";
				ENABLE_NS_ASSERTIONS = NO;
				ENABLE_STRICT_OBJC_MSGSEND = YES;
				GCC_C_LANGUAGE_STANDARD = gnu11;
				GCC_NO_COMMON_BLOCKS = YES;
				GCC_WARN_64_TO_32_BIT_CONVERSION = YES;
				GCC_WARN_ABOUT_RETURN_TYPE = YES_ERROR;
				GCC_WARN_UNDECLARED_SELECTOR = YES;
				GCC_WARN_UNINITIALIZED_AUTOS = YES_AGGRESSIVE;
				GCC_WARN_UNUSED_FUNCTION = YES;
				GCC_WARN_UNUSED_VARIABLE = YES;
				IPHONEOS_DEPLOYMENT_TARGET = 12.0;
				MTL_ENABLE_DEBUG_INFO = NO;
				MTL_FAST_MATH = YES;
				SDKROOT = iphoneos;
				SWIFT_COMPILATION_MODE = wholemodule;
				SWIFT_OPTIMIZATION_LEVEL = "-O";
				VALIDATE_PRODUCT = YES;
			};
			name = Release;
		};
		3F1E2FE5216CA8920051CF17 /* Debug */ = {
			isa = XCBuildConfiguration;
			buildSettings = {
				ASSETCATALOG_COMPILER_APPICON_NAME = AppIcon;
				CODE_SIGN_STYLE = Automatic;
				INFOPLIST_FILE = WeatherForecast/Info.plist;
				LD_RUNPATH_SEARCH_PATHS = (
					"$(inherited)",
					"@executable_path/Frameworks",
				);
				PRODUCT_BUNDLE_IDENTIFIER = pl.edu.agh.WeatherForecast;
				PRODUCT_NAME = "$(TARGET_NAME)";
				SWIFT_VERSION = 4.2;
				TARGETED_DEVICE_FAMILY = "1,2";
			};
			name = Debug;
		};
		3F1E2FE6216CA8920051CF17 /* Release */ = {
			isa = XCBuildConfiguration;
			buildSettings = {
				ASSETCATALOG_COMPILER_APPICON_NAME = AppIcon;
				CODE_SIGN_STYLE = Automatic;
				INFOPLIST_FILE = WeatherForecast/Info.plist;
				LD_RUNPATH_SEARCH_PATHS = (
					"$(inherited)",
					"@executable_path/Frameworks",
				);
				PRODUCT_BUNDLE_IDENTIFIER = pl.edu.agh.WeatherForecast;
				PRODUCT_NAME = "$(TARGET_NAME)";
				SWIFT_VERSION = 4.2;
				TARGETED_DEVICE_FAMILY = "1,2";
			};
			name = Release;
		};
		3F1E2FE8216CA8920051CF17 /* Debug */ = {
			isa = XCBuildConfiguration;
			buildSettings = {
				ALWAYS_EMBED_SWIFT_STANDARD_LIBRARIES = YES;
				BUNDLE_LOADER = "$(TEST_HOST)";
				CODE_SIGN_STYLE = Automatic;
				INFOPLIST_FILE = WeatherForecastTests/Info.plist;
				LD_RUNPATH_SEARCH_PATHS = (
					"$(inherited)",
					"@executable_path/Frameworks",
					"@loader_path/Frameworks",
				);
				PRODUCT_BUNDLE_IDENTIFIER = pl.edu.agh.WeatherForecastTests;
				PRODUCT_NAME = "$(TARGET_NAME)";
				SWIFT_VERSION = 4.2;
				TARGETED_DEVICE_FAMILY = "1,2";
				TEST_HOST = "$(BUILT_PRODUCTS_DIR)/WeatherForecast.app/WeatherForecast";
			};
			name = Debug;
		};
		3F1E2FE9216CA8920051CF17 /* Release */ = {
			isa = XCBuildConfiguration;
			buildSettings = {
				ALWAYS_EMBED_SWIFT_STANDARD_LIBRARIES = YES;
				BUNDLE_LOADER = "$(TEST_HOST)";
				CODE_SIGN_STYLE = Automatic;
				INFOPLIST_FILE = WeatherForecastTests/Info.plist;
				LD_RUNPATH_SEARCH_PATHS = (
					"$(inherited)",
					"@executable_path/Frameworks",
					"@loader_path/Frameworks",
				);
				PRODUCT_BUNDLE_IDENTIFIER = pl.edu.agh.WeatherForecastTests;
				PRODUCT_NAME = "$(TARGET_NAME)";
				SWIFT_VERSION = 4.2;
				TARGETED_DEVICE_FAMILY = "1,2";
				TEST_HOST = "$(BUILT_PRODUCTS_DIR)/WeatherForecast.app/WeatherForecast";
			};
			name = Release;
		};
		3F1E2FEB216CA8920051CF17 /* Debug */ = {
			isa = XCBuildConfiguration;
			buildSettings = {
				ALWAYS_EMBED_SWIFT_STANDARD_LIBRARIES = YES;
				CODE_SIGN_STYLE = Automatic;
				INFOPLIST_FILE = WeatherForecastUITests/Info.plist;
				LD_RUNPATH_SEARCH_PATHS = (
					"$(inherited)",
					"@executable_path/Frameworks",
					"@loader_path/Frameworks",
				);
				PRODUCT_BUNDLE_IDENTIFIER = pl.edu.agh.WeatherForecastUITests;
				PRODUCT_NAME = "$(TARGET_NAME)";
				SWIFT_VERSION = 4.2;
				TARGETED_DEVICE_FAMILY = "1,2";
				TEST_TARGET_NAME = WeatherForecast;
			};
			name = Debug;
		};
		3F1E2FEC216CA8920051CF17 /* Release */ = {
			isa = XCBuildConfiguration;
			buildSettings = {
				ALWAYS_EMBED_SWIFT_STANDARD_LIBRARIES = YES;
				CODE_SIGN_STYLE = Automatic;
				INFOPLIST_FILE = WeatherForecastUITests/Info.plist;
				LD_RUNPATH_SEARCH_PATHS = (
					"$(inherited)",
					"@executable_path/Frameworks",
					"@loader_path/Frameworks",
				);
				PRODUCT_BUNDLE_IDENTIFIER = pl.edu.agh.WeatherForecastUITests;
				PRODUCT_NAME = "$(TARGET_NAME)";
				SWIFT_VERSION = 4.2;
				TARGETED_DEVICE_FAMILY = "1,2";
				TEST_TARGET_NAME = WeatherForecast;
			};
			name = Release;
		};
/* End XCBuildConfiguration section */

/* Begin XCConfigurationList section */
		3F1E2FB7216CA88A0051CF17 /* Build configuration list for PBXProject "WeatherForecast" */ = {
			isa = XCConfigurationList;
			buildConfigurations = (
				3F1E2FE2216CA8920051CF17 /* Debug */,
				3F1E2FE3216CA8920051CF17 /* Release */,
			);
			defaultConfigurationIsVisible = 0;
			defaultConfigurationName = Release;
		};
		3F1E2FE4216CA8920051CF17 /* Build configuration list for PBXNativeTarget "WeatherForecast" */ = {
			isa = XCConfigurationList;
			buildConfigurations = (
				3F1E2FE5216CA8920051CF17 /* Debug */,
				3F1E2FE6216CA8920051CF17 /* Release */,
			);
			defaultConfigurationIsVisible = 0;
			defaultConfigurationName = Release;
		};
		3F1E2FE7216CA8920051CF17 /* Build configuration list for PBXNativeTarget "WeatherForecastTests" */ = {
			isa = XCConfigurationList;
			buildConfigurations = (
				3F1E2FE8216CA8920051CF17 /* Debug */,
				3F1E2FE9216CA8920051CF17 /* Release */,
			);
			defaultConfigurationIsVisible = 0;
			defaultConfigurationName = Release;
		};
		3F1E2FEA216CA8920051CF17 /* Build configuration list for PBXNativeTarget "WeatherForecastUITests" */ = {
			isa = XCConfigurationList;
			buildConfigurations = (
				3F1E2FEB216CA8920051CF17 /* Debug */,
				3F1E2FEC216CA8920051CF17 /* Release */,
			);
			defaultConfigurationIsVisible = 0;
			defaultConfigurationName = Release;
		};
/* End XCConfigurationList section */
	};
	rootObject = 3F1E2FB4216CA88A0051CF17 /* Project object */;
}
